
Microsoft Visual Studio Solution File, Format Version 12.00
# Visual Studio Version 16
VisualStudioVersion = 16.0.29920.165
MinimumVisualStudioVersion = 10.0.40219.1
Project("{9A19103F-16F7-4668-BE54-9A1E7A4F7556}") = "MySpector.Core", "MySpector\MySpector.Core.csproj", "{516AD3DB-5255-4BBB-9422-F70A01B0545F}"
EndProject
Project("{9A19103F-16F7-4668-BE54-9A1E7A4F7556}") = "MySpector.Core.UnitTest", "MySpector.UnitTest\MySpector.Core.UnitTest.csproj", "{0A9EDC21-FF76-4579-9D43-0FCFD5D05320}"
EndProject
Project("{9A19103F-16F7-4668-BE54-9A1E7A4F7556}") = "MySpector.Cons", "MySpector.Cons\MySpector.Cons.csproj", "{258E058C-503B-4181-9CFD-D5AFC7AE5002}"
EndProject
Project("{FAE04EC0-301F-11D3-BF4B-00C04F79EFBC}") = "MySpector.Repository", "MySpector.Repository\MySpector.Repository.csproj", "{11821120-BE4A-420B-81B4-28399E0D1FB4}"
EndProject
Project("{FAE04EC0-301F-11D3-BF4B-00C04F79EFBC}") = "MySpector.Models", "MySpector.Models\MySpector.Models.csproj", "{8170C3C1-CD07-4652-A896-4CA0F1C69685}"
EndProject
Global
	GlobalSection(SolutionConfigurationPlatforms) = preSolution
		Debug|Any CPU = Debug|Any CPU
		Release|Any CPU = Release|Any CPU
	EndGlobalSection
	GlobalSection(ProjectConfigurationPlatforms) = postSolution
		{516AD3DB-5255-4BBB-9422-F70A01B0545F}.Debug|Any CPU.ActiveCfg = Debug|Any CPU
		{516AD3DB-5255-4BBB-9422-F70A01B0545F}.Debug|Any CPU.Build.0 = Debug|Any CPU
		{516AD3DB-5255-4BBB-9422-F70A01B0545F}.Release|Any CPU.ActiveCfg = Release|Any CPU
		{516AD3DB-5255-4BBB-9422-F70A01B0545F}.Release|Any CPU.Build.0 = Release|Any CPU
		{0A9EDC21-FF76-4579-9D43-0FCFD5D05320}.Debug|Any CPU.ActiveCfg = Debug|Any CPU
		{0A9EDC21-FF76-4579-9D43-0FCFD5D05320}.Debug|Any CPU.Build.0 = Debug|Any CPU
		{0A9EDC21-FF76-4579-9D43-0FCFD5D05320}.Release|Any CPU.ActiveCfg = Release|Any CPU
		{0A9EDC21-FF76-4579-9D43-0FCFD5D05320}.Release|Any CPU.Build.0 = Release|Any CPU
		{258E058C-503B-4181-9CFD-D5AFC7AE5002}.Debug|Any CPU.ActiveCfg = Debug|Any CPU
		{258E058C-503B-4181-9CFD-D5AFC7AE5002}.Debug|Any CPU.Build.0 = Debug|Any CPU
		{258E058C-503B-4181-9CFD-D5AFC7AE5002}.Release|Any CPU.ActiveCfg = Release|Any CPU
		{258E058C-503B-4181-9CFD-D5AFC7AE5002}.Release|Any CPU.Build.0 = Release|Any CPU
		{11821120-BE4A-420B-81B4-28399E0D1FB4}.Debug|Any CPU.ActiveCfg = Debug|Any CPU
		{11821120-BE4A-420B-81B4-28399E0D1FB4}.Debug|Any CPU.Build.0 = Debug|Any CPU
		{11821120-BE4A-420B-81B4-28399E0D1FB4}.Release|Any CPU.ActiveCfg = Release|Any CPU
		{11821120-BE4A-420B-81B4-28399E0D1FB4}.Release|Any CPU.Build.0 = Release|Any CPU
		{8170C3C1-CD07-4652-A896-4CA0F1C69685}.Debug|Any CPU.ActiveCfg = Debug|Any CPU
		{8170C3C1-CD07-4652-A896-4CA0F1C69685}.Debug|Any CPU.Build.0 = Debug|Any CPU
		{8170C3C1-CD07-4652-A896-4CA0F1C69685}.Release|Any CPU.ActiveCfg = Release|Any CPU
		{8170C3C1-CD07-4652-A896-4CA0F1C69685}.Release|Any CPU.Build.0 = Release|Any CPU
	EndGlobalSection
	GlobalSection(SolutionProperties) = preSolution
		HideSolutionNode = FALSE
	EndGlobalSection
	GlobalSection(ExtensibilityGlobals) = postSolution
		SolutionGuid = {8331F703-A19D-402C-B30E-9784FAC81A97}
	EndGlobalSection
EndGlobal
